
Microsoft Visual Studio Solution File, Format Version 12.00
# Visual Studio Version 16
VisualStudioVersion = 16.0.30804.86
MinimumVisualStudioVersion = 10.0.40219.1
Project("{9A19103F-16F7-4668-BE54-9A1E7A4F7556}") = "DotNetCoreTemplate", "DotNetCoreTemplate\DotNetCoreTemplate.csproj", "{1BF03E9A-8429-42BA-BF90-0E4AA77C9318}"
EndProject
Global
	GlobalSection(SolutionConfigurationPlatforms) = preSolution
		Debug|Any CPU = Debug|Any CPU
		Release|Any CPU = Release|Any CPU
	EndGlobalSection
	GlobalSection(ProjectConfigurationPlatforms) = postSolution
		{1BF03E9A-8429-42BA-BF90-0E4AA77C9318}.Debug|Any CPU.ActiveCfg = Debug|Any CPU
		{1BF03E9A-8429-42BA-BF90-0E4AA77C9318}.Debug|Any CPU.Build.0 = Debug|Any CPU
		{1BF03E9A-8429-42BA-BF90-0E4AA77C9318}.Release|Any CPU.ActiveCfg = Release|Any CPU
		{1BF03E9A-8429-42BA-BF90-0E4AA77C9318}.Release|Any CPU.Build.0 = Release|Any CPU
	EndGlobalSection
	GlobalSection(SolutionProperties) = preSolution
		HideSolutionNode = FALSE
	EndGlobalSection
	GlobalSection(ExtensibilityGlobals) = postSolution
		SolutionGuid = {DF65E3B4-FE49-497A-93BB-E6D689D05EFF}
	EndGlobalSection
EndGlobal
